
Microsoft Visual Studio Solution File, Format Version 12.00
# Visual Studio Version 17
VisualStudioVersion = 17.6.33829.357
MinimumVisualStudioVersion = 10.0.40219.1
Project("{FAE04EC0-301F-11D3-BF4B-00C04F79EFBC}") = "Calculator", "Calculator\Calculator.csproj", "{4044A6A3-2191-489E-B4A1-BAF179BED665}"
EndProject
Global
	GlobalSection(SolutionConfigurationPlatforms) = preSolution
		Debug|Any CPU = Debug|Any CPU
		Release|Any CPU = Release|Any CPU
	EndGlobalSection
	GlobalSection(ProjectConfigurationPlatforms) = postSolution
		{4044A6A3-2191-489E-B4A1-BAF179BED665}.Debug|Any CPU.ActiveCfg = Debug|Any CPU
		{4044A6A3-2191-489E-B4A1-BAF179BED665}.Debug|Any CPU.Build.0 = Debug|Any CPU
		{4044A6A3-2191-489E-B4A1-BAF179BED665}.Release|Any CPU.ActiveCfg = Release|Any CPU
		{4044A6A3-2191-489E-B4A1-BAF179BED665}.Release|Any CPU.Build.0 = Release|Any CPU
	EndGlobalSection
	GlobalSection(SolutionProperties) = preSolution
		HideSolutionNode = FALSE
	EndGlobalSection
	GlobalSection(ExtensibilityGlobals) = postSolution
		SolutionGuid = {8626C2BF-ED63-4B7D-B3D4-DB0FC11B500F}
	EndGlobalSection
EndGlobal
